// !$*UTF8*$!
{
	archiveVersion = 1;
	classes = {
	};
	objectVersion = 46;
	objects = {

/* Begin PBXBuildFile section */
		28A2C6911B5E3A5D00A52619 /* Foundation.framework in Frameworks */ = {isa = PBXBuildFile; fileRef = 28A2C6901B5E3A5D00A52619 /* Foundation.framework */; };
		28A2C6931B5E3A5D00A52619 /* CoreGraphics.framework in Frameworks */ = {isa = PBXBuildFile; fileRef = 28A2C6921B5E3A5D00A52619 /* CoreGraphics.framework */; };
		28A2C6951B5E3A5D00A52619 /* UIKit.framework in Frameworks */ = {isa = PBXBuildFile; fileRef = 28A2C6941B5E3A5D00A52619 /* UIKit.framework */; };
		28A2C69B1B5E3A5D00A52619 /* InfoPlist.strings in Resources */ = {isa = PBXBuildFile; fileRef = 28A2C6991B5E3A5D00A52619 /* InfoPlist.strings */; };
		28A2C69D1B5E3A5D00A52619 /* main.m in Sources */ = {isa = PBXBuildFile; fileRef = 28A2C69C1B5E3A5D00A52619 /* main.m */; };
		28A2C6A11B5E3A5D00A52619 /* AppDelegate.m in Sources */ = {isa = PBXBuildFile; fileRef = 28A2C6A01B5E3A5D00A52619 /* AppDelegate.m */; };
		28A2C6A31B5E3A5D00A52619 /* Images.xcassets in Resources */ = {isa = PBXBuildFile; fileRef = 28A2C6A21B5E3A5D00A52619 /* Images.xcassets */; };
		28A2C6AA1B5E3A5D00A52619 /* XCTest.framework in Frameworks */ = {isa = PBXBuildFile; fileRef = 28A2C6A91B5E3A5D00A52619 /* XCTest.framework */; };
		28A2C6AB1B5E3A5D00A52619 /* Foundation.framework in Frameworks */ = {isa = PBXBuildFile; fileRef = 28A2C6901B5E3A5D00A52619 /* Foundation.framework */; };
		28A2C6AC1B5E3A5D00A52619 /* UIKit.framework in Frameworks */ = {isa = PBXBuildFile; fileRef = 28A2C6941B5E3A5D00A52619 /* UIKit.framework */; };
		28A2C6B41B5E3A5D00A52619 /* InfoPlist.strings in Resources */ = {isa = PBXBuildFile; fileRef = 28A2C6B21B5E3A5D00A52619 /* InfoPlist.strings */; };
		28A2C6B61B5E3A5D00A52619 /* _______Tests.m in Sources */ = {isa = PBXBuildFile; fileRef = 28A2C6B51B5E3A5D00A52619 /* _______Tests.m */; };
/* End PBXBuildFile section */

/* Begin PBXContainerItemProxy section */
		28A2C6AD1B5E3A5D00A52619 /* PBXContainerItemProxy */ = {
			isa = PBXContainerItemProxy;
			containerPortal = 28A2C6851B5E3A5D00A52619 /* Project object */;
			proxyType = 1;
			remoteGlobalIDString = 28A2C68C1B5E3A5D00A52619;
			remoteInfo = "纳米核心主题曲";
		};
/* End PBXContainerItemProxy section */

/* Begin PBXFileReference section */
		28A2C68D1B5E3A5D00A52619 /* 纳米核心主题曲.app */ = {isa = PBXFileReference; explicitFileType = wrapper.application; includeInIndex = 0; path = "纳米核心主题曲.app"; sourceTree = BUILT_PRODUCTS_DIR; };
		28A2C6901B5E3A5D00A52619 /* Foundation.framework */ = {isa = PBXFileReference; lastKnownFileType = wrapper.framework; name = Foundation.framework; path = System/Library/Frameworks/Foundation.framework; sourceTree = SDKROOT; };
		28A2C6921B5E3A5D00A52619 /* CoreGraphics.framework */ = {isa = PBXFileReference; lastKnownFileType = wrapper.framework; name = CoreGraphics.framework; path = System/Library/Frameworks/CoreGraphics.framework; sourceTree = SDKROOT; };
		28A2C6941B5E3A5D00A52619 /* UIKit.framework */ = {isa = PBXFileReference; lastKnownFileType = wrapper.framework; name = UIKit.framework; path = System/Library/Frameworks/UIKit.framework; sourceTree = SDKROOT; };
		28A2C6981B5E3A5D00A52619 /* 纳米核心主题曲-Info.plist */ = {isa = PBXFileReference; lastKnownFileType = text.plist.xml; path = "纳米核心主题曲-Info.plist"; sourceTree = "<group>"; };
		28A2C69A1B5E3A5D00A52619 /* en */ = {isa = PBXFileReference; lastKnownFileType = text.plist.strings; name = en; path = en.lproj/InfoPlist.strings; sourceTree = "<group>"; };
		28A2C69C1B5E3A5D00A52619 /* main.m */ = {isa = PBXFileReference; lastKnownFileType = sourcecode.c.objc; path = main.m; sourceTree = "<group>"; };
		28A2C69E1B5E3A5D00A52619 /* 纳米核心主题曲-Prefix.pch */ = {isa = PBXFileReference; lastKnownFileType = sourcecode.c.h; path = "纳米核心主题曲-Prefix.pch"; sourceTree = "<group>"; };
		28A2C69F1B5E3A5D00A52619 /* AppDelegate.h */ = {isa = PBXFileReference; lastKnownFileType = sourcecode.c.h; path = AppDelegate.h; sourceTree = "<group>"; };
		28A2C6A01B5E3A5D00A52619 /* AppDelegate.m */ = {isa = PBXFileReference; lastKnownFileType = sourcecode.c.objc; path = AppDelegate.m; sourceTree = "<group>"; };
		28A2C6A21B5E3A5D00A52619 /* Images.xcassets */ = {isa = PBXFileReference; lastKnownFileType = folder.assetcatalog; path = Images.xcassets; sourceTree = "<group>"; };
		28A2C6A81B5E3A5D00A52619 /* 纳米核心主题曲Tests.xctest */ = {isa = PBXFileReference; explicitFileType = wrapper.cfbundle; includeInIndex = 0; path = "纳米核心主题曲Tests.xctest"; sourceTree = BUILT_PRODUCTS_DIR; };
		28A2C6A91B5E3A5D00A52619 /* XCTest.framework */ = {isa = PBXFileReference; lastKnownFileType = wrapper.framework; name = XCTest.framework; path = Library/Frameworks/XCTest.framework; sourceTree = DEVELOPER_DIR; };
		28A2C6B11B5E3A5D00A52619 /* 纳米核心主题曲Tests-Info.plist */ = {isa = PBXFileReference; lastKnownFileType = text.plist.xml; path = "纳米核心主题曲Tests-Info.plist"; sourceTree = "<group>"; };
		28A2C6B31B5E3A5D00A52619 /* en */ = {isa = PBXFileReference; lastKnownFileType = text.plist.strings; name = en; path = en.lproj/InfoPlist.strings; sourceTree = "<group>"; };
		28A2C6B51B5E3A5D00A52619 /* _______Tests.m */ = {isa = PBXFileReference; lastKnownFileType = sourcecode.c.objc; path = "_______Tests.m"; sourceTree = "<group>"; };
/* End PBXFileReference section */

/* Begin PBXFrameworksBuildPhase section */
		28A2C68A1B5E3A5D00A52619 /* Frameworks */ = {
			isa = PBXFrameworksBuildPhase;
			buildActionMask = 2147483647;
			files = (
				28A2C6931B5E3A5D00A52619 /* CoreGraphics.framework in Frameworks */,
				28A2C6951B5E3A5D00A52619 /* UIKit.framework in Frameworks */,
				28A2C6911B5E3A5D00A52619 /* Foundation.framework in Frameworks */,
			);
			runOnlyForDeploymentPostprocessing = 0;
		};
		28A2C6A51B5E3A5D00A52619 /* Frameworks */ = {
			isa = PBXFrameworksBuildPhase;
			buildActionMask = 2147483647;
			files = (
				28A2C6AA1B5E3A5D00A52619 /* XCTest.framework in Frameworks */,
				28A2C6AC1B5E3A5D00A52619 /* UIKit.framework in Frameworks */,
				28A2C6AB1B5E3A5D00A52619 /* Foundation.framework in Frameworks */,
			);
			runOnlyForDeploymentPostprocessing = 0;
		};
/* End PBXFrameworksBuildPhase section */

/* Begin PBXGroup section */
		28A2C6841B5E3A5D00A52619 = {
			isa = PBXGroup;
			children = (
				28A2C6961B5E3A5D00A52619 /* 纳米核心主题曲 */,
				28A2C6AF1B5E3A5D00A52619 /* 纳米核心主题曲Tests */,
				28A2C68F1B5E3A5D00A52619 /* Frameworks */,
				28A2C68E1B5E3A5D00A52619 /* Products */,
			);
			sourceTree = "<group>";
		};
		28A2C68E1B5E3A5D00A52619 /* Products */ = {
			isa = PBXGroup;
			children = (
				28A2C68D1B5E3A5D00A52619 /* 纳米核心主题曲.app */,
				28A2C6A81B5E3A5D00A52619 /* 纳米核心主题曲Tests.xctest */,
			);
			name = Products;
			sourceTree = "<group>";
		};
		28A2C68F1B5E3A5D00A52619 /* Frameworks */ = {
			isa = PBXGroup;
			children = (
				28A2C6901B5E3A5D00A52619 /* Foundation.framework */,
				28A2C6921B5E3A5D00A52619 /* CoreGraphics.framework */,
				28A2C6941B5E3A5D00A52619 /* UIKit.framework */,
				28A2C6A91B5E3A5D00A52619 /* XCTest.framework */,
			);
			name = Frameworks;
			sourceTree = "<group>";
		};
		28A2C6961B5E3A5D00A52619 /* 纳米核心主题曲 */ = {
			isa = PBXGroup;
			children = (
				28A2C69F1B5E3A5D00A52619 /* AppDelegate.h */,
				28A2C6A01B5E3A5D00A52619 /* AppDelegate.m */,
				28A2C6A21B5E3A5D00A52619 /* Images.xcassets */,
				28A2C6971B5E3A5D00A52619 /* Supporting Files */,
			);
			path = "纳米核心主题曲";
			sourceTree = "<group>";
		};
		28A2C6971B5E3A5D00A52619 /* Supporting Files */ = {
			isa = PBXGroup;
			children = (
				28A2C6981B5E3A5D00A52619 /* 纳米核心主题曲-Info.plist */,
				28A2C6991B5E3A5D00A52619 /* InfoPlist.strings */,
				28A2C69C1B5E3A5D00A52619 /* main.m */,
				28A2C69E1B5E3A5D00A52619 /* 纳米核心主题曲-Prefix.pch */,
			);
			name = "Supporting Files";
			sourceTree = "<group>";
		};
		28A2C6AF1B5E3A5D00A52619 /* 纳米核心主题曲Tests */ = {
			isa = PBXGroup;
			children = (
				28A2C6B51B5E3A5D00A52619 /* _______Tests.m */,
				28A2C6B01B5E3A5D00A52619 /* Supporting Files */,
			);
			path = "纳米核心主题曲Tests";
			sourceTree = "<group>";
		};
		28A2C6B01B5E3A5D00A52619 /* Supporting Files */ = {
			isa = PBXGroup;
			children = (
				28A2C6B11B5E3A5D00A52619 /* 纳米核心主题曲Tests-Info.plist */,
				28A2C6B21B5E3A5D00A52619 /* InfoPlist.strings */,
			);
			name = "Supporting Files";
			sourceTree = "<group>";
		};
/* End PBXGroup section */

/* Begin PBXNativeTarget section */
		28A2C68C1B5E3A5D00A52619 /* 纳米核心主题曲 */ = {
			isa = PBXNativeTarget;
			buildConfigurationList = 28A2C6B91B5E3A5D00A52619 /* Build configuration list for PBXNativeTarget "纳米核心主题曲" */;
			buildPhases = (
				28A2C6891B5E3A5D00A52619 /* Sources */,
				28A2C68A1B5E3A5D00A52619 /* Frameworks */,
				28A2C68B1B5E3A5D00A52619 /* Resources */,
			);
			buildRules = (
			);
			dependencies = (
			);
			name = "纳米核心主题曲";
			productName = "纳米核心主题曲";
			productReference = 28A2C68D1B5E3A5D00A52619 /* 纳米核心主题曲.app */;
			productType = "com.apple.product-type.application";
		};
		28A2C6A71B5E3A5D00A52619 /* 纳米核心主题曲Tests */ = {
			isa = PBXNativeTarget;
			buildConfigurationList = 28A2C6BC1B5E3A5D00A52619 /* Build configuration list for PBXNativeTarget "纳米核心主题曲Tests" */;
			buildPhases = (
				28A2C6A41B5E3A5D00A52619 /* Sources */,
				28A2C6A51B5E3A5D00A52619 /* Frameworks */,
				28A2C6A61B5E3A5D00A52619 /* Resources */,
			);
			buildRules = (
			);
			dependencies = (
				28A2C6AE1B5E3A5D00A52619 /* PBXTargetDependency */,
			);
			name = "纳米核心主题曲Tests";
			productName = "纳米核心主题曲Tests";
			productReference = 28A2C6A81B5E3A5D00A52619 /* 纳米核心主题曲Tests.xctest */;
			productType = "com.apple.product-type.bundle.unit-test";
		};
/* End PBXNativeTarget section */

/* Begin PBXProject section */
		28A2C6851B5E3A5D00A52619 /* Project object */ = {
			isa = PBXProject;
			attributes = {
				LastUpgradeCheck = 0510;
				ORGANIZATIONNAME = Louise;
				TargetAttributes = {
					28A2C6A71B5E3A5D00A52619 = {
						TestTargetID = 28A2C68C1B5E3A5D00A52619;
					};
				};
			};
			buildConfigurationList = 28A2C6881B5E3A5D00A52619 /* Build configuration list for PBXProject "纳米核心主题曲" */;
			compatibilityVersion = "Xcode 3.2";
			developmentRegion = English;
			hasScannedForEncodings = 0;
			knownRegions = (
				en,
			);
			mainGroup = 28A2C6841B5E3A5D00A52619;
			productRefGroup = 28A2C68E1B5E3A5D00A52619 /* Products */;
			projectDirPath = "";
			projectRoot = "";
			targets = (
				28A2C68C1B5E3A5D00A52619 /* 纳米核心主题曲 */,
				28A2C6A71B5E3A5D00A52619 /* 纳米核心主题曲Tests */,
			);
		};
/* End PBXProject section */

/* Begin PBXResourcesBuildPhase section */
		28A2C68B1B5E3A5D00A52619 /* Resources */ = {
			isa = PBXResourcesBuildPhase;
			buildActionMask = 2147483647;
			files = (
				28A2C69B1B5E3A5D00A52619 /* InfoPlist.strings in Resources */,
				28A2C6A31B5E3A5D00A52619 /* Images.xcassets in Resources */,
			);
			runOnlyForDeploymentPostprocessing = 0;
		};
		28A2C6A61B5E3A5D00A52619 /* Resources */ = {
			isa = PBXResourcesBuildPhase;
			buildActionMask = 2147483647;
			files = (
				28A2C6B41B5E3A5D00A52619 /* InfoPlist.strings in Resources */,
			);
			runOnlyForDeploymentPostprocessing = 0;
		};
/* End PBXResourcesBuildPhase section */

/* Begin PBXSourcesBuildPhase section */
		28A2C6891B5E3A5D00A52619 /* Sources */ = {
			isa = PBXSourcesBuildPhase;
			buildActionMask = 2147483647;
			files = (
				28A2C6A11B5E3A5D00A52619 /* AppDelegate.m in Sources */,
				28A2C69D1B5E3A5D00A52619 /* main.m in Sources */,
			);
			runOnlyForDeploymentPostprocessing = 0;
		};
		28A2C6A41B5E3A5D00A52619 /* Sources */ = {
			isa = PBXSourcesBuildPhase;
			buildActionMask = 2147483647;
			files = (
				28A2C6B61B5E3A5D00A52619 /* _______Tests.m in Sources */,
			);
			runOnlyForDeploymentPostprocessing = 0;
		};
/* End PBXSourcesBuildPhase section */

/* Begin PBXTargetDependency section */
		28A2C6AE1B5E3A5D00A52619 /* PBXTargetDependency */ = {
			isa = PBXTargetDependency;
			target = 28A2C68C1B5E3A5D00A52619 /* 纳米核心主题曲 */;
			targetProxy = 28A2C6AD1B5E3A5D00A52619 /* PBXContainerItemProxy */;
		};
/* End PBXTargetDependency section */

/* Begin PBXVariantGroup section */
		28A2C6991B5E3A5D00A52619 /* InfoPlist.strings */ = {
			isa = PBXVariantGroup;
			children = (
				28A2C69A1B5E3A5D00A52619 /* en */,
			);
			name = InfoPlist.strings;
			sourceTree = "<group>";
		};
		28A2C6B21B5E3A5D00A52619 /* InfoPlist.strings */ = {
			isa = PBXVariantGroup;
			children = (
				28A2C6B31B5E3A5D00A52619 /* en */,
			);
			name = InfoPlist.strings;
			sourceTree = "<group>";
		};
/* End PBXVariantGroup section */

/* Begin XCBuildConfiguration section */
		28A2C6B71B5E3A5D00A52619 /* Debug */ = {
			isa = XCBuildConfiguration;
			buildSettings = {
				ALWAYS_SEARCH_USER_PATHS = NO;
				CLANG_CXX_LANGUAGE_STANDARD = "gnu++0x";
				CLANG_CXX_LIBRARY = "libc++";
				CLANG_ENABLE_MODULES = YES;
				CLANG_ENABLE_OBJC_ARC = YES;
				CLANG_WARN_BOOL_CONVERSION = YES;
				CLANG_WARN_CONSTANT_CONVERSION = YES;
				CLANG_WARN_DIRECT_OBJC_ISA_USAGE = YES_ERROR;
				CLANG_WARN_EMPTY_BODY = YES;
				CLANG_WARN_ENUM_CONVERSION = YES;
				CLANG_WARN_INT_CONVERSION = YES;
				CLANG_WARN_OBJC_ROOT_CLASS = YES_ERROR;
				CLANG_WARN__DUPLICATE_METHOD_MATCH = YES;
				"CODE_SIGN_IDENTITY[sdk=iphoneos*]" = "iPhone Developer";
				COPY_PHASE_STRIP = NO;
				GCC_C_LANGUAGE_STANDARD = gnu99;
				GCC_DYNAMIC_NO_PIC = NO;
				GCC_OPTIMIZATION_LEVEL = 0;
				GCC_PREPROCESSOR_DEFINITIONS = (
					"DEBUG=1",
					"$(inherited)",
				);
				GCC_SYMBOLS_PRIVATE_EXTERN = NO;
				GCC_WARN_64_TO_32_BIT_CONVERSION = YES;
				GCC_WARN_ABOUT_RETURN_TYPE = YES_ERROR;
				GCC_WARN_UNDECLARED_SELECTOR = YES;
				GCC_WARN_UNINITIALIZED_AUTOS = YES_AGGRESSIVE;
				GCC_WARN_UNUSED_FUNCTION = YES;
				GCC_WARN_UNUSED_VARIABLE = YES;
				IPHONEOS_DEPLOYMENT_TARGET = 7.1;
				ONLY_ACTIVE_ARCH = YES;
				SDKROOT = iphoneos;
				TARGETED_DEVICE_FAMILY = "1,2";
			};
			name = Debug;
		};
		28A2C6B81B5E3A5D00A52619 /* Release */ = {
			isa = XCBuildConfiguration;
			buildSettings = {
				ALWAYS_SEARCH_USER_PATHS = NO;
				CLANG_CXX_LANGUAGE_STANDARD = "gnu++0x";
				CLANG_CXX_LIBRARY = "libc++";
				CLANG_ENABLE_MODULES = YES;
				CLANG_ENABLE_OBJC_ARC = YES;
				CLANG_WARN_BOOL_CONVERSION = YES;
				CLANG_WARN_CONSTANT_CONVERSION = YES;
				CLANG_WARN_DIRECT_OBJC_ISA_USAGE = YES_ERROR;
				CLANG_WARN_EMPTY_BODY = YES;
				CLANG_WARN_ENUM_CONVERSION = YES;
				CLANG_WARN_INT_CONVERSION = YES;
				CLANG_WARN_OBJC_ROOT_CLASS = YES_ERROR;
				CLANG_WARN__DUPLICATE_METHOD_MATCH = YES;
				"CODE_SIGN_IDENTITY[sdk=iphoneos*]" = "iPhone Developer";
				COPY_PHASE_STRIP = YES;
				ENABLE_NS_ASSERTIONS = NO;
				GCC_C_LANGUAGE_STANDARD = gnu99;
				GCC_WARN_64_TO_32_BIT_CONVERSION = YES;
				GCC_WARN_ABOUT_RETURN_TYPE = YES_ERROR;
				GCC_WARN_UNDECLARED_SELECTOR = YES;
				GCC_WARN_UNINITIALIZED_AUTOS = YES_AGGRESSIVE;
				GCC_WARN_UNUSED_FUNCTION = YES;
				GCC_WARN_UNUSED_VARIABLE = YES;
				IPHONEOS_DEPLOYMENT_TARGET = 7.1;
				SDKROOT = iphoneos;
				TARGETED_DEVICE_FAMILY = "1,2";
				VALIDATE_PRODUCT = YES;
			};
			name = Release;
		};
		28A2C6BA1B5E3A5D00A52619 /* Debug */ = {
			isa = XCBuildConfiguration;
			buildSettings = {
				ASSETCATALOG_COMPILER_APPICON_NAME = AppIcon;
				ASSETCATALOG_COMPILER_LAUNCHIMAGE_NAME = LaunchImage;
				GCC_PRECOMPILE_PREFIX_HEADER = YES;
				GCC_PREFIX_HEADER = "纳米核心主题曲/纳米核心主题曲-Prefix.pch";
				INFOPLIST_FILE = "纳米核心主题曲/纳米核心主题曲-Info.plist";
				PRODUCT_NAME = "$(TARGET_NAME)";
				WRAPPER_EXTENSION = app;
			};
			name = Debug;
		};
		28A2C6BB1B5E3A5D00A52619 /* Release */ = {
			isa = XCBuildConfiguration;
			buildSettings = {
				ASSETCATALOG_COMPILER_APPICON_NAME = AppIcon;
				ASSETCATALOG_COMPILER_LAUNCHIMAGE_NAME = LaunchImage;
				GCC_PRECOMPILE_PREFIX_HEADER = YES;
				GCC_PREFIX_HEADER = "纳米核心主题曲/纳米核心主题曲-Prefix.pch";
				INFOPLIST_FILE = "纳米核心主题曲/纳米核心主题曲-Info.plist";
				PRODUCT_NAME = "$(TARGET_NAME)";
				WRAPPER_EXTENSION = app;
			};
			name = Release;
		};
		28A2C6BD1B5E3A5D00A52619 /* Debug */ = {
			isa = XCBuildConfiguration;
			buildSettings = {
				BUNDLE_LOADER = "$(BUILT_PRODUCTS_DIR)/纳米核心主题曲.app/纳米核心主题曲";
				FRAMEWORK_SEARCH_PATHS = (
					"$(SDKROOT)/Developer/Library/Frameworks",
					"$(inherited)",
					"$(DEVELOPER_FRAMEWORKS_DIR)",
				);
				GCC_PRECOMPILE_PREFIX_HEADER = YES;
				GCC_PREFIX_HEADER = "纳米核心主题曲/纳米核心主题曲-Prefix.pch";
				GCC_PREPROCESSOR_DEFINITIONS = (
					"DEBUG=1",
					"$(inherited)",
				);
				INFOPLIST_FILE = "纳米核心主题曲Tests/纳米核心主题曲Tests-Info.plist";
				PRODUCT_NAME = "$(TARGET_NAME)";
				TEST_HOST = "$(BUNDLE_LOADER)";
				WRAPPER_EXTENSION = xctest;
			};
			name = Debug;
		};
		28A2C6BE1B5E3A5D00A52619 /* Release */ = {
			isa = XCBuildConfiguration;
			buildSettings = {
				BUNDLE_LOADER = "$(BUILT_PRODUCTS_DIR)/纳米核心主题曲.app/纳米核心主题曲";
				FRAMEWORK_SEARCH_PATHS = (
					"$(SDKROOT)/Developer/Library/Frameworks",
					"$(inherited)",
					"$(DEVELOPER_FRAMEWORKS_DIR)",
				);
				GCC_PRECOMPILE_PREFIX_HEADER = YES;
				GCC_PREFIX_HEADER = "纳米核心主题曲/纳米核心主题曲-Prefix.pch";
				INFOPLIST_FILE = "纳米核心主题曲Tests/纳米核心主题曲Tests-Info.plist";
				PRODUCT_NAME = "$(TARGET_NAME)";
				TEST_HOST = "$(BUNDLE_LOADER)";
				WRAPPER_EXTENSION = xctest;
			};
			name = Release;
		};
/* End XCBuildConfiguration section */

/* Begin XCConfigurationList section */
		28A2C6881B5E3A5D00A52619 /* Build configuration list for PBXProject "纳米核心主题曲" */ = {
			isa = XCConfigurationList;
			buildConfigurations = (
				28A2C6B71B5E3A5D00A52619 /* Debug */,
				28A2C6B81B5E3A5D00A52619 /* Release */,
			);
			defaultConfigurationIsVisible = 0;
			defaultConfigurationName = Release;
		};
		28A2C6B91B5E3A5D00A52619 /* Build configuration list for PBXNativeTarget "纳米核心主题曲" */ = {
			isa = XCConfigurationList;
			buildConfigurations = (
				28A2C6BA1B5E3A5D00A52619 /* Debug */,
				28A2C6BB1B5E3A5D00A52619 /* Release */,
			);
			defaultConfigurationIsVisible = 0;
		};
		28A2C6BC1B5E3A5D00A52619 /* Build configuration list for PBXNativeTarget "纳米核心主题曲Tests" */ = {
			isa = XCConfigurationList;
			buildConfigurations = (
				28A2C6BD1B5E3A5D00A52619 /* Debug */,
				28A2C6BE1B5E3A5D00A52619 /* Release */,
			);
			defaultConfigurationIsVisible = 0;
		};
/* End XCConfigurationList section */
	};
	rootObject = 28A2C6851B5E3A5D00A52619 /* Project object */;
}
